// !$*UTF8*$!
{
	archiveVersion = 1;
	classes = {
	};
	objectVersion = 48;
	objects = {

/* Begin PBXBuildFile section */
		7F12079721A6A42800A251D1 /* YYTextView.m in Sources */ = {isa = PBXBuildFile; fileRef = 7F12076421A6A42700A251D1 /* YYTextView.m */; };
		7F12079821A6A42800A251D1 /* YYTextMagnifier.m in Sources */ = {isa = PBXBuildFile; fileRef = 7F12076821A6A42700A251D1 /* YYTextMagnifier.m */; };
		7F12079921A6A42800A251D1 /* YYTextContainerView.m in Sources */ = {isa = PBXBuildFile; fileRef = 7F12076B21A6A42700A251D1 /* YYTextContainerView.m */; };
		7F12079A21A6A42800A251D1 /* YYTextEffectWindow.m in Sources */ = {isa = PBXBuildFile; fileRef = 7F12076C21A6A42700A251D1 /* YYTextEffectWindow.m */; };
		7F12079B21A6A42800A251D1 /* YYTextInput.m in Sources */ = {isa = PBXBuildFile; fileRef = 7F12076E21A6A42700A251D1 /* YYTextInput.m */; };
		7F12079C21A6A42800A251D1 /* YYTextLayout.m in Sources */ = {isa = PBXBuildFile; fileRef = 7F12076F21A6A42700A251D1 /* YYTextLayout.m */; };
		7F12079D21A6A42800A251D1 /* YYTextLine.m in Sources */ = {isa = PBXBuildFile; fileRef = 7F12077121A6A42700A251D1 /* YYTextLine.m */; };
		7F12079E21A6A42800A251D1 /* YYTextSelectionView.m in Sources */ = {isa = PBXBuildFile; fileRef = 7F12077221A6A42700A251D1 /* YYTextSelectionView.m */; };
		7F12079F21A6A42800A251D1 /* YYTextKeyboardManager.m in Sources */ = {isa = PBXBuildFile; fileRef = 7F12077521A6A42700A251D1 /* YYTextKeyboardManager.m */; };
		7F1207A021A6A42800A251D1 /* YYTextDebugOption.m in Sources */ = {isa = PBXBuildFile; fileRef = 7F12077721A6A42700A251D1 /* YYTextDebugOption.m */; };
		7F1207A121A6A42800A251D1 /* YYLabel.m in Sources */ = {isa = PBXBuildFile; fileRef = 7F12077821A6A42700A251D1 /* YYLabel.m */; };
		7F1207A221A6A42800A251D1 /* YYTextRunDelegate.m in Sources */ = {isa = PBXBuildFile; fileRef = 7F12077C21A6A42700A251D1 /* YYTextRunDelegate.m */; };
		7F1207A321A6A42800A251D1 /* YYTextParser.m in Sources */ = {isa = PBXBuildFile; fileRef = 7F12077D21A6A42700A251D1 /* YYTextParser.m */; };
		7F1207A421A6A42800A251D1 /* YYTextAttribute.m in Sources */ = {isa = PBXBuildFile; fileRef = 7F12078121A6A42700A251D1 /* YYTextAttribute.m */; };
		7F1207A521A6A42800A251D1 /* YYTextArchiver.m in Sources */ = {isa = PBXBuildFile; fileRef = 7F12078321A6A42700A251D1 /* YYTextArchiver.m */; };
		7F1207A621A6A42800A251D1 /* YYTextRubyAnnotation.m in Sources */ = {isa = PBXBuildFile; fileRef = 7F12078421A6A42700A251D1 /* YYTextRubyAnnotation.m */; };
		7F1207A721A6A42800A251D1 /* YYTextUtilities.m in Sources */ = {isa = PBXBuildFile; fileRef = 7F12078721A6A42700A251D1 /* YYTextUtilities.m */; };
		7F1207A821A6A42800A251D1 /* NSParagraphStyle+YYText.m in Sources */ = {isa = PBXBuildFile; fileRef = 7F12078821A6A42700A251D1 /* NSParagraphStyle+YYText.m */; };
		7F1207A921A6A42800A251D1 /* NSAttributedString+YYText.m in Sources */ = {isa = PBXBuildFile; fileRef = 7F12078921A6A42700A251D1 /* NSAttributedString+YYText.m */; };
		7F1207AA21A6A42800A251D1 /* UIPasteboard+YYText.m in Sources */ = {isa = PBXBuildFile; fileRef = 7F12078C21A6A42700A251D1 /* UIPasteboard+YYText.m */; };
		7F1207AB21A6A42800A251D1 /* YYTextTransaction.m in Sources */ = {isa = PBXBuildFile; fileRef = 7F12079021A6A42700A251D1 /* YYTextTransaction.m */; };
		7F1207AC21A6A42800A251D1 /* UIView+YYText.m in Sources */ = {isa = PBXBuildFile; fileRef = 7F12079121A6A42700A251D1 /* UIView+YYText.m */; };
		7F1207AD21A6A42800A251D1 /* YYTextAsyncLayer.m in Sources */ = {isa = PBXBuildFile; fileRef = 7F12079421A6A42700A251D1 /* YYTextAsyncLayer.m */; };
		7F1207AE21A6A42800A251D1 /* YYTextWeakProxy.m in Sources */ = {isa = PBXBuildFile; fileRef = 7F12079521A6A42700A251D1 /* YYTextWeakProxy.m */; };
		7F1207BA21A6A4F000A251D1 /* YYSpriteSheetImage.m in Sources */ = {isa = PBXBuildFile; fileRef = 7F1207B321A6A4F000A251D1 /* YYSpriteSheetImage.m */; };
		7F1207BB21A6A4F000A251D1 /* YYImage.m in Sources */ = {isa = PBXBuildFile; fileRef = 7F1207B521A6A4F000A251D1 /* YYImage.m */; };
		7F1207BC21A6A4F000A251D1 /* YYImageCoder.m in Sources */ = {isa = PBXBuildFile; fileRef = 7F1207B621A6A4F000A251D1 /* YYImageCoder.m */; };
		7F1207BD21A6A4F000A251D1 /* YYFrameImage.m in Sources */ = {isa = PBXBuildFile; fileRef = 7F1207B721A6A4F000A251D1 /* YYFrameImage.m */; };
		7F1207BE21A6A4F000A251D1 /* YYAnimatedImageView.m in Sources */ = {isa = PBXBuildFile; fileRef = 7F1207B821A6A4F000A251D1 /* YYAnimatedImageView.m */; };
		7F8191EB204D82B500FCA686 /* AppDelegate.m in Sources */ = {isa = PBXBuildFile; fileRef = 7F8191EA204D82B500FCA686 /* AppDelegate.m */; };
		7F8191EE204D82B500FCA686 /* ViewController.m in Sources */ = {isa = PBXBuildFile; fileRef = 7F8191ED204D82B500FCA686 /* ViewController.m */; };
		7F8191F1204D82B500FCA686 /* Main.storyboard in Resources */ = {isa = PBXBuildFile; fileRef = 7F8191EF204D82B500FCA686 /* Main.storyboard */; };
		7F8191F3204D82B500FCA686 /* Assets.xcassets in Resources */ = {isa = PBXBuildFile; fileRef = 7F8191F2204D82B500FCA686 /* Assets.xcassets */; };
		7F8191F6204D82B500FCA686 /* LaunchScreen.storyboard in Resources */ = {isa = PBXBuildFile; fileRef = 7F8191F4204D82B500FCA686 /* LaunchScreen.storyboard */; };
		7F8191F9204D82B500FCA686 /* main.m in Sources */ = {isa = PBXBuildFile; fileRef = 7F8191F8204D82B500FCA686 /* main.m */; };
		7F819203204D82B600FCA686 /* AsynScoreViewTests.m in Sources */ = {isa = PBXBuildFile; fileRef = 7F819202204D82B600FCA686 /* AsynScoreViewTests.m */; };
		7F81920E204D82B600FCA686 /* AsynScoreViewUITests.m in Sources */ = {isa = PBXBuildFile; fileRef = 7F81920D204D82B600FCA686 /* AsynScoreViewUITests.m */; };
		7F819220204D82CC00FCA686 /* XWScoreView.m in Sources */ = {isa = PBXBuildFile; fileRef = 7F81921D204D82CC00FCA686 /* XWScoreView.m */; };
		7F819221204D82CC00FCA686 /* XWSourceMaker.m in Sources */ = {isa = PBXBuildFile; fileRef = 7F81921F204D82CC00FCA686 /* XWSourceMaker.m */; };
/* End PBXBuildFile section */

/* Begin PBXContainerItemProxy section */
		7F8191FF204D82B500FCA686 /* PBXContainerItemProxy */ = {
			isa = PBXContainerItemProxy;
			containerPortal = 7F8191DE204D82B500FCA686 /* Project object */;
			proxyType = 1;
			remoteGlobalIDString = 7F8191E5204D82B500FCA686;
			remoteInfo = AsynScoreView;
		};
		7F81920A204D82B600FCA686 /* PBXContainerItemProxy */ = {
			isa = PBXContainerItemProxy;
			containerPortal = 7F8191DE204D82B500FCA686 /* Project object */;
			proxyType = 1;
			remoteGlobalIDString = 7F8191E5204D82B500FCA686;
			remoteInfo = AsynScoreView;
		};
/* End PBXContainerItemProxy section */

/* Begin PBXFileReference section */
		7F12076321A6A42700A251D1 /* YYText.h */ = {isa = PBXFileReference; fileEncoding = 4; lastKnownFileType = sourcecode.c.h; path = YYText.h; sourceTree = "<group>"; };
		7F12076421A6A42700A251D1 /* YYTextView.m */ = {isa = PBXFileReference; fileEncoding = 4; lastKnownFileType = sourcecode.c.objc; path = YYTextView.m; sourceTree = "<group>"; };
		7F12076621A6A42700A251D1 /* YYTextSelectionView.h */ = {isa = PBXFileReference; fileEncoding = 4; lastKnownFileType = sourcecode.c.h; path = YYTextSelectionView.h; sourceTree = "<group>"; };
		7F12076721A6A42700A251D1 /* YYTextLine.h */ = {isa = PBXFileReference; fileEncoding = 4; lastKnownFileType = sourcecode.c.h; path = YYTextLine.h; sourceTree = "<group>"; };
		7F12076821A6A42700A251D1 /* YYTextMagnifier.m */ = {isa = PBXFileReference; fileEncoding = 4; lastKnownFileType = sourcecode.c.objc; path = YYTextMagnifier.m; sourceTree = "<group>"; };
		7F12076921A6A42700A251D1 /* YYTextLayout.h */ = {isa = PBXFileReference; fileEncoding = 4; lastKnownFileType = sourcecode.c.h; path = YYTextLayout.h; sourceTree = "<group>"; };
		7F12076A21A6A42700A251D1 /* YYTextKeyboardManager.h */ = {isa = PBXFileReference; fileEncoding = 4; lastKnownFileType = sourcecode.c.h; path = YYTextKeyboardManager.h; sourceTree = "<group>"; };
		7F12076B21A6A42700A251D1 /* YYTextContainerView.m */ = {isa = PBXFileReference; fileEncoding = 4; lastKnownFileType = sourcecode.c.objc; path = YYTextContainerView.m; sourceTree = "<group>"; };
		7F12076C21A6A42700A251D1 /* YYTextEffectWindow.m */ = {isa = PBXFileReference; fileEncoding = 4; lastKnownFileType = sourcecode.c.objc; path = YYTextEffectWindow.m; sourceTree = "<group>"; };
		7F12076D21A6A42700A251D1 /* YYTextDebugOption.h */ = {isa = PBXFileReference; fileEncoding = 4; lastKnownFileType = sourcecode.c.h; path = YYTextDebugOption.h; sourceTree = "<group>"; };
		7F12076E21A6A42700A251D1 /* YYTextInput.m */ = {isa = PBXFileReference; fileEncoding = 4; lastKnownFileType = sourcecode.c.objc; path = YYTextInput.m; sourceTree = "<group>"; };
		7F12076F21A6A42700A251D1 /* YYTextLayout.m */ = {isa = PBXFileReference; fileEncoding = 4; lastKnownFileType = sourcecode.c.objc; path = YYTextLayout.m; sourceTree = "<group>"; };
		7F12077021A6A42700A251D1 /* YYTextMagnifier.h */ = {isa = PBXFileReference; fileEncoding = 4; lastKnownFileType = sourcecode.c.h; path = YYTextMagnifier.h; sourceTree = "<group>"; };
		7F12077121A6A42700A251D1 /* YYTextLine.m */ = {isa = PBXFileReference; fileEncoding = 4; lastKnownFileType = sourcecode.c.objc; path = YYTextLine.m; sourceTree = "<group>"; };
		7F12077221A6A42700A251D1 /* YYTextSelectionView.m */ = {isa = PBXFileReference; fileEncoding = 4; lastKnownFileType = sourcecode.c.objc; path = YYTextSelectionView.m; sourceTree = "<group>"; };
		7F12077321A6A42700A251D1 /* YYTextEffectWindow.h */ = {isa = PBXFileReference; fileEncoding = 4; lastKnownFileType = sourcecode.c.h; path = YYTextEffectWindow.h; sourceTree = "<group>"; };
		7F12077421A6A42700A251D1 /* YYTextContainerView.h */ = {isa = PBXFileReference; fileEncoding = 4; lastKnownFileType = sourcecode.c.h; path = YYTextContainerView.h; sourceTree = "<group>"; };
		7F12077521A6A42700A251D1 /* YYTextKeyboardManager.m */ = {isa = PBXFileReference; fileEncoding = 4; lastKnownFileType = sourcecode.c.objc; path = YYTextKeyboardManager.m; sourceTree = "<group>"; };
		7F12077621A6A42700A251D1 /* YYTextInput.h */ = {isa = PBXFileReference; fileEncoding = 4; lastKnownFileType = sourcecode.c.h; path = YYTextInput.h; sourceTree = "<group>"; };
		7F12077721A6A42700A251D1 /* YYTextDebugOption.m */ = {isa = PBXFileReference; fileEncoding = 4; lastKnownFileType = sourcecode.c.objc; path = YYTextDebugOption.m; sourceTree = "<group>"; };
		7F12077821A6A42700A251D1 /* YYLabel.m */ = {isa = PBXFileReference; fileEncoding = 4; lastKnownFileType = sourcecode.c.objc; path = YYLabel.m; sourceTree = "<group>"; };
		7F12077921A6A42700A251D1 /* YYTextView.h */ = {isa = PBXFileReference; fileEncoding = 4; lastKnownFileType = sourcecode.c.h; path = YYTextView.h; sourceTree = "<group>"; };
		7F12077B21A6A42700A251D1 /* YYTextAttribute.h */ = {isa = PBXFileReference; fileEncoding = 4; lastKnownFileType = sourcecode.c.h; path = YYTextAttribute.h; sourceTree = "<group>"; };
		7F12077C21A6A42700A251D1 /* YYTextRunDelegate.m */ = {isa = PBXFileReference; fileEncoding = 4; lastKnownFileType = sourcecode.c.objc; path = YYTextRunDelegate.m; sourceTree = "<group>"; };
		7F12077D21A6A42700A251D1 /* YYTextParser.m */ = {isa = PBXFileReference; fileEncoding = 4; lastKnownFileType = sourcecode.c.objc; path = YYTextParser.m; sourceTree = "<group>"; };
		7F12077E21A6A42700A251D1 /* YYTextRubyAnnotation.h */ = {isa = PBXFileReference; fileEncoding = 4; lastKnownFileType = sourcecode.c.h; path = YYTextRubyAnnotation.h; sourceTree = "<group>"; };
		7F12077F21A6A42700A251D1 /* YYTextArchiver.h */ = {isa = PBXFileReference; fileEncoding = 4; lastKnownFileType = sourcecode.c.h; path = YYTextArchiver.h; sourceTree = "<group>"; };
		7F12078021A6A42700A251D1 /* YYTextRunDelegate.h */ = {isa = PBXFileReference; fileEncoding = 4; lastKnownFileType = sourcecode.c.h; path = YYTextRunDelegate.h; sourceTree = "<group>"; };
		7F12078121A6A42700A251D1 /* YYTextAttribute.m */ = {isa = PBXFileReference; fileEncoding = 4; lastKnownFileType = sourcecode.c.objc; path = YYTextAttribute.m; sourceTree = "<group>"; };
		7F12078221A6A42700A251D1 /* YYTextParser.h */ = {isa = PBXFileReference; fileEncoding = 4; lastKnownFileType = sourcecode.c.h; path = YYTextParser.h; sourceTree = "<group>"; };
		7F12078321A6A42700A251D1 /* YYTextArchiver.m */ = {isa = PBXFileReference; fileEncoding = 4; lastKnownFileType = sourcecode.c.objc; path = YYTextArchiver.m; sourceTree = "<group>"; };
		7F12078421A6A42700A251D1 /* YYTextRubyAnnotation.m */ = {isa = PBXFileReference; fileEncoding = 4; lastKnownFileType = sourcecode.c.objc; path = YYTextRubyAnnotation.m; sourceTree = "<group>"; };
		7F12078521A6A42700A251D1 /* YYLabel.h */ = {isa = PBXFileReference; fileEncoding = 4; lastKnownFileType = sourcecode.c.h; path = YYLabel.h; sourceTree = "<group>"; };
		7F12078721A6A42700A251D1 /* YYTextUtilities.m */ = {isa = PBXFileReference; fileEncoding = 4; lastKnownFileType = sourcecode.c.objc; path = YYTextUtilities.m; sourceTree = "<group>"; };
		7F12078821A6A42700A251D1 /* NSParagraphStyle+YYText.m */ = {isa = PBXFileReference; fileEncoding = 4; lastKnownFileType = sourcecode.c.objc; path = "NSParagraphStyle+YYText.m"; sourceTree = "<group>"; };
		7F12078921A6A42700A251D1 /* NSAttributedString+YYText.m */ = {isa = PBXFileReference; fileEncoding = 4; lastKnownFileType = sourcecode.c.objc; path = "NSAttributedString+YYText.m"; sourceTree = "<group>"; };
		7F12078A21A6A42700A251D1 /* UIView+YYText.h */ = {isa = PBXFileReference; fileEncoding = 4; lastKnownFileType = sourcecode.c.h; path = "UIView+YYText.h"; sourceTree = "<group>"; };
		7F12078B21A6A42700A251D1 /* YYTextTransaction.h */ = {isa = PBXFileReference; fileEncoding = 4; lastKnownFileType = sourcecode.c.h; path = YYTextTransaction.h; sourceTree = "<group>"; };
		7F12078C21A6A42700A251D1 /* UIPasteboard+YYText.m */ = {isa = PBXFileReference; fileEncoding = 4; lastKnownFileType = sourcecode.c.objc; path = "UIPasteboard+YYText.m"; sourceTree = "<group>"; };
		7F12078D21A6A42700A251D1 /* YYTextWeakProxy.h */ = {isa = PBXFileReference; fileEncoding = 4; lastKnownFileType = sourcecode.c.h; path = YYTextWeakProxy.h; sourceTree = "<group>"; };
		7F12078E21A6A42700A251D1 /* YYTextAsyncLayer.h */ = {isa = PBXFileReference; fileEncoding = 4; lastKnownFileType = sourcecode.c.h; path = YYTextAsyncLayer.h; sourceTree = "<group>"; };
		7F12078F21A6A42700A251D1 /* YYTextUtilities.h */ = {isa = PBXFileReference; fileEncoding = 4; lastKnownFileType = sourcecode.c.h; path = YYTextUtilities.h; sourceTree = "<group>"; };
		7F12079021A6A42700A251D1 /* YYTextTransaction.m */ = {isa = PBXFileReference; fileEncoding = 4; lastKnownFileType = sourcecode.c.objc; path = YYTextTransaction.m; sourceTree = "<group>"; };
		7F12079121A6A42700A251D1 /* UIView+YYText.m */ = {isa = PBXFileReference; fileEncoding = 4; lastKnownFileType = sourcecode.c.objc; path = "UIView+YYText.m"; sourceTree = "<group>"; };
		7F12079221A6A42700A251D1 /* NSAttributedString+YYText.h */ = {isa = PBXFileReference; fileEncoding = 4; lastKnownFileType = sourcecode.c.h; path = "NSAttributedString+YYText.h"; sourceTree = "<group>"; };
		7F12079321A6A42700A251D1 /* NSParagraphStyle+YYText.h */ = {isa = PBXFileReference; fileEncoding = 4; lastKnownFileType = sourcecode.c.h; path = "NSParagraphStyle+YYText.h"; sourceTree = "<group>"; };
		7F12079421A6A42700A251D1 /* YYTextAsyncLayer.m */ = {isa = PBXFileReference; fileEncoding = 4; lastKnownFileType = sourcecode.c.objc; path = YYTextAsyncLayer.m; sourceTree = "<group>"; };
		7F12079521A6A42700A251D1 /* YYTextWeakProxy.m */ = {isa = PBXFileReference; fileEncoding = 4; lastKnownFileType = sourcecode.c.objc; path = YYTextWeakProxy.m; sourceTree = "<group>"; };
		7F12079621A6A42700A251D1 /* UIPasteboard+YYText.h */ = {isa = PBXFileReference; fileEncoding = 4; lastKnownFileType = sourcecode.c.h; path = "UIPasteboard+YYText.h"; sourceTree = "<group>"; };
		7F1207B021A6A4F000A251D1 /* YYImage.h */ = {isa = PBXFileReference; fileEncoding = 4; lastKnownFileType = sourcecode.c.h; path = YYImage.h; sourceTree = "<group>"; };
		7F1207B121A6A4F000A251D1 /* YYImageCoder.h */ = {isa = PBXFileReference; fileEncoding = 4; lastKnownFileType = sourcecode.c.h; path = YYImageCoder.h; sourceTree = "<group>"; };
		7F1207B221A6A4F000A251D1 /* YYFrameImage.h */ = {isa = PBXFileReference; fileEncoding = 4; lastKnownFileType = sourcecode.c.h; path = YYFrameImage.h; sourceTree = "<group>"; };
		7F1207B321A6A4F000A251D1 /* YYSpriteSheetImage.m */ = {isa = PBXFileReference; fileEncoding = 4; lastKnownFileType = sourcecode.c.objc; path = YYSpriteSheetImage.m; sourceTree = "<group>"; };
		7F1207B421A6A4F000A251D1 /* YYAnimatedImageView.h */ = {isa = PBXFileReference; fileEncoding = 4; lastKnownFileType = sourcecode.c.h; path = YYAnimatedImageView.h; sourceTree = "<group>"; };
		7F1207B521A6A4F000A251D1 /* YYImage.m */ = {isa = PBXFileReference; fileEncoding = 4; lastKnownFileType = sourcecode.c.objc; path = YYImage.m; sourceTree = "<group>"; };
		7F1207B621A6A4F000A251D1 /* YYImageCoder.m */ = {isa = PBXFileReference; fileEncoding = 4; lastKnownFileType = sourcecode.c.objc; path = YYImageCoder.m; sourceTree = "<group>"; };
		7F1207B721A6A4F000A251D1 /* YYFrameImage.m */ = {isa = PBXFileReference; fileEncoding = 4; lastKnownFileType = sourcecode.c.objc; path = YYFrameImage.m; sourceTree = "<group>"; };
		7F1207B821A6A4F000A251D1 /* YYAnimatedImageView.m */ = {isa = PBXFileReference; fileEncoding = 4; lastKnownFileType = sourcecode.c.objc; path = YYAnimatedImageView.m; sourceTree = "<group>"; };
		7F1207B921A6A4F000A251D1 /* YYSpriteSheetImage.h */ = {isa = PBXFileReference; fileEncoding = 4; lastKnownFileType = sourcecode.c.h; path = YYSpriteSheetImage.h; sourceTree = "<group>"; };
		7F8191E6204D82B500FCA686 /* AsynScoreView.app */ = {isa = PBXFileReference; explicitFileType = wrapper.application; includeInIndex = 0; path = AsynScoreView.app; sourceTree = BUILT_PRODUCTS_DIR; };
		7F8191E9204D82B500FCA686 /* AppDelegate.h */ = {isa = PBXFileReference; lastKnownFileType = sourcecode.c.h; path = AppDelegate.h; sourceTree = "<group>"; };
		7F8191EA204D82B500FCA686 /* AppDelegate.m */ = {isa = PBXFileReference; lastKnownFileType = sourcecode.c.objc; path = AppDelegate.m; sourceTree = "<group>"; };
		7F8191EC204D82B500FCA686 /* ViewController.h */ = {isa = PBXFileReference; lastKnownFileType = sourcecode.c.h; path = ViewController.h; sourceTree = "<group>"; };
		7F8191ED204D82B500FCA686 /* ViewController.m */ = {isa = PBXFileReference; lastKnownFileType = sourcecode.c.objc; path = ViewController.m; sourceTree = "<group>"; };
		7F8191F0204D82B500FCA686 /* Base */ = {isa = PBXFileReference; lastKnownFileType = file.storyboard; name = Base; path = Base.lproj/Main.storyboard; sourceTree = "<group>"; };
		7F8191F2204D82B500FCA686 /* Assets.xcassets */ = {isa = PBXFileReference; lastKnownFileType = folder.assetcatalog; path = Assets.xcassets; sourceTree = "<group>"; };
		7F8191F5204D82B500FCA686 /* Base */ = {isa = PBXFileReference; lastKnownFileType = file.storyboard; name = Base; path = Base.lproj/LaunchScreen.storyboard; sourceTree = "<group>"; };
		7F8191F7204D82B500FCA686 /* Info.plist */ = {isa = PBXFileReference; lastKnownFileType = text.plist.xml; path = Info.plist; sourceTree = "<group>"; };
		7F8191F8204D82B500FCA686 /* main.m */ = {isa = PBXFileReference; lastKnownFileType = sourcecode.c.objc; path = main.m; sourceTree = "<group>"; };
		7F8191FE204D82B500FCA686 /* AsynScoreViewTests.xctest */ = {isa = PBXFileReference; explicitFileType = wrapper.cfbundle; includeInIndex = 0; path = AsynScoreViewTests.xctest; sourceTree = BUILT_PRODUCTS_DIR; };
		7F819202204D82B600FCA686 /* AsynScoreViewTests.m */ = {isa = PBXFileReference; lastKnownFileType = sourcecode.c.objc; path = AsynScoreViewTests.m; sourceTree = "<group>"; };
		7F819204204D82B600FCA686 /* Info.plist */ = {isa = PBXFileReference; lastKnownFileType = text.plist.xml; path = Info.plist; sourceTree = "<group>"; };
		7F819209204D82B600FCA686 /* AsynScoreViewUITests.xctest */ = {isa = PBXFileReference; explicitFileType = wrapper.cfbundle; includeInIndex = 0; path = AsynScoreViewUITests.xctest; sourceTree = BUILT_PRODUCTS_DIR; };
		7F81920D204D82B600FCA686 /* AsynScoreViewUITests.m */ = {isa = PBXFileReference; lastKnownFileType = sourcecode.c.objc; path = AsynScoreViewUITests.m; sourceTree = "<group>"; };
		7F81920F204D82B600FCA686 /* Info.plist */ = {isa = PBXFileReference; lastKnownFileType = text.plist.xml; path = Info.plist; sourceTree = "<group>"; };
		7F81921C204D82CC00FCA686 /* XWScoreView.h */ = {isa = PBXFileReference; fileEncoding = 4; lastKnownFileType = sourcecode.c.h; path = XWScoreView.h; sourceTree = "<group>"; };
		7F81921D204D82CC00FCA686 /* XWScoreView.m */ = {isa = PBXFileReference; fileEncoding = 4; lastKnownFileType = sourcecode.c.objc; path = XWScoreView.m; sourceTree = "<group>"; };
		7F81921E204D82CC00FCA686 /* XWSourceMaker.h */ = {isa = PBXFileReference; fileEncoding = 4; lastKnownFileType = sourcecode.c.h; path = XWSourceMaker.h; sourceTree = "<group>"; };
		7F81921F204D82CC00FCA686 /* XWSourceMaker.m */ = {isa = PBXFileReference; fileEncoding = 4; lastKnownFileType = sourcecode.c.objc; path = XWSourceMaker.m; sourceTree = "<group>"; };
/* End PBXFileReference section */

/* Begin PBXFrameworksBuildPhase section */
		7F8191E3204D82B500FCA686 /* Frameworks */ = {
			isa = PBXFrameworksBuildPhase;
			buildActionMask = 2147483647;
			files = (
			);
			runOnlyForDeploymentPostprocessing = 0;
		};
		7F8191FB204D82B500FCA686 /* Frameworks */ = {
			isa = PBXFrameworksBuildPhase;
			buildActionMask = 2147483647;
			files = (
			);
			runOnlyForDeploymentPostprocessing = 0;
		};
		7F819206204D82B600FCA686 /* Frameworks */ = {
			isa = PBXFrameworksBuildPhase;
			buildActionMask = 2147483647;
			files = (
			);
			runOnlyForDeploymentPostprocessing = 0;
		};
/* End PBXFrameworksBuildPhase section */

/* Begin PBXGroup section */
		7F12076221A6A42700A251D1 /* YYText */ = {
			isa = PBXGroup;
			children = (
				7F12076321A6A42700A251D1 /* YYText.h */,
				7F12076421A6A42700A251D1 /* YYTextView.m */,
				7F12076521A6A42700A251D1 /* Component */,
				7F12077821A6A42700A251D1 /* YYLabel.m */,
				7F12077921A6A42700A251D1 /* YYTextView.h */,
				7F12077A21A6A42700A251D1 /* String */,
				7F12078521A6A42700A251D1 /* YYLabel.h */,
				7F12078621A6A42700A251D1 /* Utility */,
			);
			path = YYText;
			sourceTree = "<group>";
		};
		7F12076521A6A42700A251D1 /* Component */ = {
			isa = PBXGroup;
			children = (
				7F12076621A6A42700A251D1 /* YYTextSelectionView.h */,
				7F12076721A6A42700A251D1 /* YYTextLine.h */,
				7F12076821A6A42700A251D1 /* YYTextMagnifier.m */,
				7F12076921A6A42700A251D1 /* YYTextLayout.h */,
				7F12076A21A6A42700A251D1 /* YYTextKeyboardManager.h */,
				7F12076B21A6A42700A251D1 /* YYTextContainerView.m */,
				7F12076C21A6A42700A251D1 /* YYTextEffectWindow.m */,
				7F12076D21A6A42700A251D1 /* YYTextDebugOption.h */,
				7F12076E21A6A42700A251D1 /* YYTextInput.m */,
				7F12076F21A6A42700A251D1 /* YYTextLayout.m */,
				7F12077021A6A42700A251D1 /* YYTextMagnifier.h */,
				7F12077121A6A42700A251D1 /* YYTextLine.m */,
				7F12077221A6A42700A251D1 /* YYTextSelectionView.m */,
				7F12077321A6A42700A251D1 /* YYTextEffectWindow.h */,
				7F12077421A6A42700A251D1 /* YYTextContainerView.h */,
				7F12077521A6A42700A251D1 /* YYTextKeyboardManager.m */,
				7F12077621A6A42700A251D1 /* YYTextInput.h */,
				7F12077721A6A42700A251D1 /* YYTextDebugOption.m */,
			);
			path = Component;
			sourceTree = "<group>";
		};
		7F12077A21A6A42700A251D1 /* String */ = {
			isa = PBXGroup;
			children = (
				7F12077B21A6A42700A251D1 /* YYTextAttribute.h */,
				7F12077C21A6A42700A251D1 /* YYTextRunDelegate.m */,
				7F12077D21A6A42700A251D1 /* YYTextParser.m */,
				7F12077E21A6A42700A251D1 /* YYTextRubyAnnotation.h */,
				7F12077F21A6A42700A251D1 /* YYTextArchiver.h */,
				7F12078021A6A42700A251D1 /* YYTextRunDelegate.h */,
				7F12078121A6A42700A251D1 /* YYTextAttribute.m */,
				7F12078221A6A42700A251D1 /* YYTextParser.h */,
				7F12078321A6A42700A251D1 /* YYTextArchiver.m */,
				7F12078421A6A42700A251D1 /* YYTextRubyAnnotation.m */,
			);
			path = String;
			sourceTree = "<group>";
		};
		7F12078621A6A42700A251D1 /* Utility */ = {
			isa = PBXGroup;
			children = (
				7F12078721A6A42700A251D1 /* YYTextUtilities.m */,
				7F12078821A6A42700A251D1 /* NSParagraphStyle+YYText.m */,
				7F12078921A6A42700A251D1 /* NSAttributedString+YYText.m */,
				7F12078A21A6A42700A251D1 /* UIView+YYText.h */,
				7F12078B21A6A42700A251D1 /* YYTextTransaction.h */,
				7F12078C21A6A42700A251D1 /* UIPasteboard+YYText.m */,
				7F12078D21A6A42700A251D1 /* YYTextWeakProxy.h */,
				7F12078E21A6A42700A251D1 /* YYTextAsyncLayer.h */,
				7F12078F21A6A42700A251D1 /* YYTextUtilities.h */,
				7F12079021A6A42700A251D1 /* YYTextTransaction.m */,
				7F12079121A6A42700A251D1 /* UIView+YYText.m */,
				7F12079221A6A42700A251D1 /* NSAttributedString+YYText.h */,
				7F12079321A6A42700A251D1 /* NSParagraphStyle+YYText.h */,
				7F12079421A6A42700A251D1 /* YYTextAsyncLayer.m */,
				7F12079521A6A42700A251D1 /* YYTextWeakProxy.m */,
				7F12079621A6A42700A251D1 /* UIPasteboard+YYText.h */,
			);
			path = Utility;
			sourceTree = "<group>";
		};
		7F1207AF21A6A4F000A251D1 /* YYImage */ = {
			isa = PBXGroup;
			children = (
				7F1207B021A6A4F000A251D1 /* YYImage.h */,
				7F1207B121A6A4F000A251D1 /* YYImageCoder.h */,
				7F1207B221A6A4F000A251D1 /* YYFrameImage.h */,
				7F1207B321A6A4F000A251D1 /* YYSpriteSheetImage.m */,
				7F1207B421A6A4F000A251D1 /* YYAnimatedImageView.h */,
				7F1207B521A6A4F000A251D1 /* YYImage.m */,
				7F1207B621A6A4F000A251D1 /* YYImageCoder.m */,
				7F1207B721A6A4F000A251D1 /* YYFrameImage.m */,
				7F1207B821A6A4F000A251D1 /* YYAnimatedImageView.m */,
				7F1207B921A6A4F000A251D1 /* YYSpriteSheetImage.h */,
			);
			path = YYImage;
			sourceTree = "<group>";
		};
		7F8191DD204D82B500FCA686 = {
			isa = PBXGroup;
			children = (
				7F8191E8204D82B500FCA686 /* AsynScoreView */,
				7F819201204D82B500FCA686 /* AsynScoreViewTests */,
				7F81920C204D82B600FCA686 /* AsynScoreViewUITests */,
				7F8191E7204D82B500FCA686 /* Products */,
			);
			sourceTree = "<group>";
		};
		7F8191E7204D82B500FCA686 /* Products */ = {
			isa = PBXGroup;
			children = (
				7F8191E6204D82B500FCA686 /* AsynScoreView.app */,
				7F8191FE204D82B500FCA686 /* AsynScoreViewTests.xctest */,
				7F819209204D82B600FCA686 /* AsynScoreViewUITests.xctest */,
			);
			name = Products;
			sourceTree = "<group>";
		};
		7F8191E8204D82B500FCA686 /* AsynScoreView */ = {
			isa = PBXGroup;
			children = (
				7F1207AF21A6A4F000A251D1 /* YYImage */,
				7F12076221A6A42700A251D1 /* YYText */,
				7F81921B204D82CC00FCA686 /* XWScoreView */,
				7F8191E9204D82B500FCA686 /* AppDelegate.h */,
				7F8191EA204D82B500FCA686 /* AppDelegate.m */,
				7F8191EC204D82B500FCA686 /* ViewController.h */,
				7F8191ED204D82B500FCA686 /* ViewController.m */,
				7F8191EF204D82B500FCA686 /* Main.storyboard */,
				7F8191F2204D82B500FCA686 /* Assets.xcassets */,
				7F8191F4204D82B500FCA686 /* LaunchScreen.storyboard */,
				7F8191F7204D82B500FCA686 /* Info.plist */,
				7F8191F8204D82B500FCA686 /* main.m */,
			);
			path = AsynScoreView;
			sourceTree = "<group>";
		};
		7F819201204D82B500FCA686 /* AsynScoreViewTests */ = {
			isa = PBXGroup;
			children = (
				7F819202204D82B600FCA686 /* AsynScoreViewTests.m */,
				7F819204204D82B600FCA686 /* Info.plist */,
			);
			path = AsynScoreViewTests;
			sourceTree = "<group>";
		};
		7F81920C204D82B600FCA686 /* AsynScoreViewUITests */ = {
			isa = PBXGroup;
			children = (
				7F81920D204D82B600FCA686 /* AsynScoreViewUITests.m */,
				7F81920F204D82B600FCA686 /* Info.plist */,
			);
			path = AsynScoreViewUITests;
			sourceTree = "<group>";
		};
		7F81921B204D82CC00FCA686 /* XWScoreView */ = {
			isa = PBXGroup;
			children = (
				7F81921C204D82CC00FCA686 /* XWScoreView.h */,
				7F81921D204D82CC00FCA686 /* XWScoreView.m */,
				7F81921E204D82CC00FCA686 /* XWSourceMaker.h */,
				7F81921F204D82CC00FCA686 /* XWSourceMaker.m */,
			);
			path = XWScoreView;
			sourceTree = "<group>";
		};
/* End PBXGroup section */

/* Begin PBXNativeTarget section */
		7F8191E5204D82B500FCA686 /* AsynScoreView */ = {
			isa = PBXNativeTarget;
			buildConfigurationList = 7F819212204D82B600FCA686 /* Build configuration list for PBXNativeTarget "AsynScoreView" */;
			buildPhases = (
				7F8191E2204D82B500FCA686 /* Sources */,
				7F8191E3204D82B500FCA686 /* Frameworks */,
				7F8191E4204D82B500FCA686 /* Resources */,
			);
			buildRules = (
			);
			dependencies = (
			);
			name = AsynScoreView;
			productName = AsynScoreView;
			productReference = 7F8191E6204D82B500FCA686 /* AsynScoreView.app */;
			productType = "com.apple.product-type.application";
		};
		7F8191FD204D82B500FCA686 /* AsynScoreViewTests */ = {
			isa = PBXNativeTarget;
			buildConfigurationList = 7F819215204D82B600FCA686 /* Build configuration list for PBXNativeTarget "AsynScoreViewTests" */;
			buildPhases = (
				7F8191FA204D82B500FCA686 /* Sources */,
				7F8191FB204D82B500FCA686 /* Frameworks */,
				7F8191FC204D82B500FCA686 /* Resources */,
			);
			buildRules = (
			);
			dependencies = (
				7F819200204D82B500FCA686 /* PBXTargetDependency */,
			);
			name = AsynScoreViewTests;
			productName = AsynScoreViewTests;
			productReference = 7F8191FE204D82B500FCA686 /* AsynScoreViewTests.xctest */;
			productType = "com.apple.product-type.bundle.unit-test";
		};
		7F819208204D82B600FCA686 /* AsynScoreViewUITests */ = {
			isa = PBXNativeTarget;
			buildConfigurationList = 7F819218204D82B600FCA686 /* Build configuration list for PBXNativeTarget "AsynScoreViewUITests" */;
			buildPhases = (
				7F819205204D82B600FCA686 /* Sources */,
				7F819206204D82B600FCA686 /* Frameworks */,
				7F819207204D82B600FCA686 /* Resources */,
			);
			buildRules = (
			);
			dependencies = (
				7F81920B204D82B600FCA686 /* PBXTargetDependency */,
			);
			name = AsynScoreViewUITests;
			productName = AsynScoreViewUITests;
			productReference = 7F819209204D82B600FCA686 /* AsynScoreViewUITests.xctest */;
			productType = "com.apple.product-type.bundle.ui-testing";
		};
/* End PBXNativeTarget section */

/* Begin PBXProject section */
		7F8191DE204D82B500FCA686 /* Project object */ = {
			isa = PBXProject;
			attributes = {
				LastUpgradeCheck = 0920;
				ORGANIZATIONNAME = wangjianshi;
				TargetAttributes = {
					7F8191E5204D82B500FCA686 = {
						CreatedOnToolsVersion = 9.2;
						ProvisioningStyle = Automatic;
					};
					7F8191FD204D82B500FCA686 = {
						CreatedOnToolsVersion = 9.2;
						ProvisioningStyle = Automatic;
						TestTargetID = 7F8191E5204D82B500FCA686;
					};
					7F819208204D82B600FCA686 = {
						CreatedOnToolsVersion = 9.2;
						ProvisioningStyle = Automatic;
						TestTargetID = 7F8191E5204D82B500FCA686;
					};
				};
			};
			buildConfigurationList = 7F8191E1204D82B500FCA686 /* Build configuration list for PBXProject "AsynScoreView" */;
			compatibilityVersion = "Xcode 8.0";
			developmentRegion = en;
			hasScannedForEncodings = 0;
			knownRegions = (
				en,
				Base,
			);
			mainGroup = 7F8191DD204D82B500FCA686;
			productRefGroup = 7F8191E7204D82B500FCA686 /* Products */;
			projectDirPath = "";
			projectRoot = "";
			targets = (
				7F8191E5204D82B500FCA686 /* AsynScoreView */,
				7F8191FD204D82B500FCA686 /* AsynScoreViewTests */,
				7F819208204D82B600FCA686 /* AsynScoreViewUITests */,
			);
		};
/* End PBXProject section */

/* Begin PBXResourcesBuildPhase section */
		7F8191E4204D82B500FCA686 /* Resources */ = {
			isa = PBXResourcesBuildPhase;
			buildActionMask = 2147483647;
			files = (
				7F8191F6204D82B500FCA686 /* LaunchScreen.storyboard in Resources */,
				7F8191F3204D82B500FCA686 /* Assets.xcassets in Resources */,
				7F8191F1204D82B500FCA686 /* Main.storyboard in Resources */,
			);
			runOnlyForDeploymentPostprocessing = 0;
		};
		7F8191FC204D82B500FCA686 /* Resources */ = {
			isa = PBXResourcesBuildPhase;
			buildActionMask = 2147483647;
			files = (
			);
			runOnlyForDeploymentPostprocessing = 0;
		};
		7F819207204D82B600FCA686 /* Resources */ = {
			isa = PBXResourcesBuildPhase;
			buildActionMask = 2147483647;
			files = (
			);
			runOnlyForDeploymentPostprocessing = 0;
		};
/* End PBXResourcesBuildPhase section */

/* Begin PBXSourcesBuildPhase section */
		7F8191E2204D82B500FCA686 /* Sources */ = {
			isa = PBXSourcesBuildPhase;
			buildActionMask = 2147483647;
			files = (
				7F8191EE204D82B500FCA686 /* ViewController.m in Sources */,
				7F1207A321A6A42800A251D1 /* YYTextParser.m in Sources */,
				7F1207A221A6A42800A251D1 /* YYTextRunDelegate.m in Sources */,
				7F12079821A6A42800A251D1 /* YYTextMagnifier.m in Sources */,
				7F12079A21A6A42800A251D1 /* YYTextEffectWindow.m in Sources */,
				7F1207AA21A6A42800A251D1 /* UIPasteboard+YYText.m in Sources */,
				7F12079721A6A42800A251D1 /* YYTextView.m in Sources */,
				7F8191F9204D82B500FCA686 /* main.m in Sources */,
				7F1207A721A6A42800A251D1 /* YYTextUtilities.m in Sources */,
				7F1207A021A6A42800A251D1 /* YYTextDebugOption.m in Sources */,
				7F1207A121A6A42800A251D1 /* YYLabel.m in Sources */,
				7F1207BC21A6A4F000A251D1 /* YYImageCoder.m in Sources */,
				7F12079B21A6A42800A251D1 /* YYTextInput.m in Sources */,
				7F1207A621A6A42800A251D1 /* YYTextRubyAnnotation.m in Sources */,
				7F1207BB21A6A4F000A251D1 /* YYImage.m in Sources */,
				7F1207A821A6A42800A251D1 /* NSParagraphStyle+YYText.m in Sources */,
				7F819220204D82CC00FCA686 /* XWScoreView.m in Sources */,
				7F1207AB21A6A42800A251D1 /* YYTextTransaction.m in Sources */,
				7F12079E21A6A42800A251D1 /* YYTextSelectionView.m in Sources */,
				7F12079921A6A42800A251D1 /* YYTextContainerView.m in Sources */,
				7F1207A921A6A42800A251D1 /* NSAttributedString+YYText.m in Sources */,
				7F1207BE21A6A4F000A251D1 /* YYAnimatedImageView.m in Sources */,
				7F1207AD21A6A42800A251D1 /* YYTextAsyncLayer.m in Sources */,
				7F8191EB204D82B500FCA686 /* AppDelegate.m in Sources */,
				7F1207A521A6A42800A251D1 /* YYTextArchiver.m in Sources */,
				7F12079C21A6A42800A251D1 /* YYTextLayout.m in Sources */,
				7F1207AC21A6A42800A251D1 /* UIView+YYText.m in Sources */,
				7F1207BA21A6A4F000A251D1 /* YYSpriteSheetImage.m in Sources */,
				7F12079F21A6A42800A251D1 /* YYTextKeyboardManager.m in Sources */,
				7F1207AE21A6A42800A251D1 /* YYTextWeakProxy.m in Sources */,
				7F12079D21A6A42800A251D1 /* YYTextLine.m in Sources */,
				7F1207BD21A6A4F000A251D1 /* YYFrameImage.m in Sources */,
				7F819221204D82CC00FCA686 /* XWSourceMaker.m in Sources */,
				7F1207A421A6A42800A251D1 /* YYTextAttribute.m in Sources */,
			);
			runOnlyForDeploymentPostprocessing = 0;
		};
		7F8191FA204D82B500FCA686 /* Sources */ = {
			isa = PBXSourcesBuildPhase;
			buildActionMask = 2147483647;
			files = (
				7F819203204D82B600FCA686 /* AsynScoreViewTests.m in Sources */,
			);
			runOnlyForDeploymentPostprocessing = 0;
		};
		7F819205204D82B600FCA686 /* Sources */ = {
			isa = PBXSourcesBuildPhase;
			buildActionMask = 2147483647;
			files = (
				7F81920E204D82B600FCA686 /* AsynScoreViewUITests.m in Sources */,
			);
			runOnlyForDeploymentPostprocessing = 0;
		};
/* End PBXSourcesBuildPhase section */

/* Begin PBXTargetDependency section */
		7F819200204D82B500FCA686 /* PBXTargetDependency */ = {
			isa = PBXTargetDependency;
			target = 7F8191E5204D82B500FCA686 /* AsynScoreView */;
			targetProxy = 7F8191FF204D82B500FCA686 /* PBXContainerItemProxy */;
		};
		7F81920B204D82B600FCA686 /* PBXTargetDependency */ = {
			isa = PBXTargetDependency;
			target = 7F8191E5204D82B500FCA686 /* AsynScoreView */;
			targetProxy = 7F81920A204D82B600FCA686 /* PBXContainerItemProxy */;
		};
/* End PBXTargetDependency section */

/* Begin PBXVariantGroup section */
		7F8191EF204D82B500FCA686 /* Main.storyboard */ = {
			isa = PBXVariantGroup;
			children = (
				7F8191F0204D82B500FCA686 /* Base */,
			);
			name = Main.storyboard;
			sourceTree = "<group>";
		};
		7F8191F4204D82B500FCA686 /* LaunchScreen.storyboard */ = {
			isa = PBXVariantGroup;
			children = (
				7F8191F5204D82B500FCA686 /* Base */,
			);
			name = LaunchScreen.storyboard;
			sourceTree = "<group>";
		};
/* End PBXVariantGroup section */

/* Begin XCBuildConfiguration section */
		7F819210204D82B600FCA686 /* Debug */ = {
			isa = XCBuildConfiguration;
			buildSettings = {
				ALWAYS_SEARCH_USER_PATHS = NO;
				CLANG_ANALYZER_NONNULL = YES;
				CLANG_ANALYZER_NUMBER_OBJECT_CONVERSION = YES_AGGRESSIVE;
				CLANG_CXX_LANGUAGE_STANDARD = "gnu++14";
				CLANG_CXX_LIBRARY = "libc++";
				CLANG_ENABLE_MODULES = YES;
				CLANG_ENABLE_OBJC_ARC = YES;
				CLANG_WARN_BLOCK_CAPTURE_AUTORELEASING = YES;
				CLANG_WARN_BOOL_CONVERSION = YES;
				CLANG_WARN_COMMA = YES;
				CLANG_WARN_CONSTANT_CONVERSION = YES;
				CLANG_WARN_DIRECT_OBJC_ISA_USAGE = YES_ERROR;
				CLANG_WARN_DOCUMENTATION_COMMENTS = YES;
				CLANG_WARN_EMPTY_BODY = YES;
				CLANG_WARN_ENUM_CONVERSION = YES;
				CLANG_WARN_INFINITE_RECURSION = YES;
				CLANG_WARN_INT_CONVERSION = YES;
				CLANG_WARN_NON_LITERAL_NULL_CONVERSION = YES;
				CLANG_WARN_OBJC_LITERAL_CONVERSION = YES;
				CLANG_WARN_OBJC_ROOT_CLASS = YES_ERROR;
				CLANG_WARN_RANGE_LOOP_ANALYSIS = YES;
				CLANG_WARN_STRICT_PROTOTYPES = YES;
				CLANG_WARN_SUSPICIOUS_MOVE = YES;
				CLANG_WARN_UNGUARDED_AVAILABILITY = YES_AGGRESSIVE;
				CLANG_WARN_UNREACHABLE_CODE = YES;
				CLANG_WARN__DUPLICATE_METHOD_MATCH = YES;
				CODE_SIGN_IDENTITY = "iPhone Developer";
				COPY_PHASE_STRIP = NO;
				DEBUG_INFORMATION_FORMAT = dwarf;
				ENABLE_STRICT_OBJC_MSGSEND = YES;
				ENABLE_TESTABILITY = YES;
				GCC_C_LANGUAGE_STANDARD = gnu11;
				GCC_DYNAMIC_NO_PIC = NO;
				GCC_NO_COMMON_BLOCKS = YES;
				GCC_OPTIMIZATION_LEVEL = 0;
				GCC_PREPROCESSOR_DEFINITIONS = (
					"DEBUG=1",
					"$(inherited)",
				);
				GCC_WARN_64_TO_32_BIT_CONVERSION = YES;
				GCC_WARN_ABOUT_RETURN_TYPE = YES_ERROR;
				GCC_WARN_UNDECLARED_SELECTOR = YES;
				GCC_WARN_UNINITIALIZED_AUTOS = YES_AGGRESSIVE;
				GCC_WARN_UNUSED_FUNCTION = YES;
				GCC_WARN_UNUSED_VARIABLE = YES;
				IPHONEOS_DEPLOYMENT_TARGET = 11.2;
				MTL_ENABLE_DEBUG_INFO = YES;
				ONLY_ACTIVE_ARCH = YES;
				SDKROOT = iphoneos;
			};
			name = Debug;
		};
		7F819211204D82B600FCA686 /* Release */ = {
			isa = XCBuildConfiguration;
			buildSettings = {
				ALWAYS_SEARCH_USER_PATHS = NO;
				CLANG_ANALYZER_NONNULL = YES;
				CLANG_ANALYZER_NUMBER_OBJECT_CONVERSION = YES_AGGRESSIVE;
				CLANG_CXX_LANGUAGE_STANDARD = "gnu++14";
				CLANG_CXX_LIBRARY = "libc++";
				CLANG_ENABLE_MODULES = YES;
				CLANG_ENABLE_OBJC_ARC = YES;
				CLANG_WARN_BLOCK_CAPTURE_AUTORELEASING = YES;
				CLANG_WARN_BOOL_CONVERSION = YES;
				CLANG_WARN_COMMA = YES;
				CLANG_WARN_CONSTANT_CONVERSION = YES;
				CLANG_WARN_DIRECT_OBJC_ISA_USAGE = YES_ERROR;
				CLANG_WARN_DOCUMENTATION_COMMENTS = YES;
				CLANG_WARN_EMPTY_BODY = YES;
				CLANG_WARN_ENUM_CONVERSION = YES;
				CLANG_WARN_INFINITE_RECURSION = YES;
				CLANG_WARN_INT_CONVERSION = YES;
				CLANG_WARN_NON_LITERAL_NULL_CONVERSION = YES;
				CLANG_WARN_OBJC_LITERAL_CONVERSION = YES;
				CLANG_WARN_OBJC_ROOT_CLASS = YES_ERROR;
				CLANG_WARN_RANGE_LOOP_ANALYSIS = YES;
				CLANG_WARN_STRICT_PROTOTYPES = YES;
				CLANG_WARN_SUSPICIOUS_MOVE = YES;
				CLANG_WARN_UNGUARDED_AVAILABILITY = YES_AGGRESSIVE;
				CLANG_WARN_UNREACHABLE_CODE = YES;
				CLANG_WARN__DUPLICATE_METHOD_MATCH = YES;
				CODE_SIGN_IDENTITY = "iPhone Developer";
				COPY_PHASE_STRIP = NO;
				DEBUG_INFORMATION_FORMAT = "dwarf-with-dsym";
				ENABLE_NS_ASSERTIONS = NO;
				ENABLE_STRICT_OBJC_MSGSEND = YES;
				GCC_C_LANGUAGE_STANDARD = gnu11;
				GCC_NO_COMMON_BLOCKS = YES;
				GCC_WARN_64_TO_32_BIT_CONVERSION = YES;
				GCC_WARN_ABOUT_RETURN_TYPE = YES_ERROR;
				GCC_WARN_UNDECLARED_SELECTOR = YES;
				GCC_WARN_UNINITIALIZED_AUTOS = YES_AGGRESSIVE;
				GCC_WARN_UNUSED_FUNCTION = YES;
				GCC_WARN_UNUSED_VARIABLE = YES;
				IPHONEOS_DEPLOYMENT_TARGET = 11.2;
				MTL_ENABLE_DEBUG_INFO = NO;
				SDKROOT = iphoneos;
				VALIDATE_PRODUCT = YES;
			};
			name = Release;
		};
		7F819213204D82B600FCA686 /* Debug */ = {
			isa = XCBuildConfiguration;
			buildSettings = {
				ASSETCATALOG_COMPILER_APPICON_NAME = AppIcon;
				CODE_SIGN_STYLE = Automatic;
				DEVELOPMENT_TEAM = GZXE973JP7;
				INFOPLIST_FILE = AsynScoreView/Info.plist;
				LD_RUNPATH_SEARCH_PATHS = "$(inherited) @executable_path/Frameworks";
				PRODUCT_BUNDLE_IDENTIFIER = com.wangjianshi.github.AsynScoreView;
				PRODUCT_NAME = "$(TARGET_NAME)";
				TARGETED_DEVICE_FAMILY = "1,2";
			};
			name = Debug;
		};
		7F819214204D82B600FCA686 /* Release */ = {
			isa = XCBuildConfiguration;
			buildSettings = {
				ASSETCATALOG_COMPILER_APPICON_NAME = AppIcon;
				CODE_SIGN_STYLE = Automatic;
				DEVELOPMENT_TEAM = GZXE973JP7;
				INFOPLIST_FILE = AsynScoreView/Info.plist;
				LD_RUNPATH_SEARCH_PATHS = "$(inherited) @executable_path/Frameworks";
				PRODUCT_BUNDLE_IDENTIFIER = com.wangjianshi.github.AsynScoreView;
				PRODUCT_NAME = "$(TARGET_NAME)";
				TARGETED_DEVICE_FAMILY = "1,2";
			};
			name = Release;
		};
		7F819216204D82B600FCA686 /* Debug */ = {
			isa = XCBuildConfiguration;
			buildSettings = {
				BUNDLE_LOADER = "$(TEST_HOST)";
				CODE_SIGN_STYLE = Automatic;
				DEVELOPMENT_TEAM = GZXE973JP7;
				INFOPLIST_FILE = AsynScoreViewTests/Info.plist;
				LD_RUNPATH_SEARCH_PATHS = "$(inherited) @executable_path/Frameworks @loader_path/Frameworks";
				PRODUCT_BUNDLE_IDENTIFIER = com.wangjianshi.github.AsynScoreViewTests;
				PRODUCT_NAME = "$(TARGET_NAME)";
				TARGETED_DEVICE_FAMILY = "1,2";
				TEST_HOST = "$(BUILT_PRODUCTS_DIR)/AsynScoreView.app/AsynScoreView";
			};
			name = Debug;
		};
		7F819217204D82B600FCA686 /* Release */ = {
			isa = XCBuildConfiguration;
			buildSettings = {
				BUNDLE_LOADER = "$(TEST_HOST)";
				CODE_SIGN_STYLE = Automatic;
				DEVELOPMENT_TEAM = GZXE973JP7;
				INFOPLIST_FILE = AsynScoreViewTests/Info.plist;
				LD_RUNPATH_SEARCH_PATHS = "$(inherited) @executable_path/Frameworks @loader_path/Frameworks";
				PRODUCT_BUNDLE_IDENTIFIER = com.wangjianshi.github.AsynScoreViewTests;
				PRODUCT_NAME = "$(TARGET_NAME)";
				TARGETED_DEVICE_FAMILY = "1,2";
				TEST_HOST = "$(BUILT_PRODUCTS_DIR)/AsynScoreView.app/AsynScoreView";
			};
			name = Release;
		};
		7F819219204D82B600FCA686 /* Debug */ = {
			isa = XCBuildConfiguration;
			buildSettings = {
				CODE_SIGN_STYLE = Automatic;
				DEVELOPMENT_TEAM = GZXE973JP7;
				INFOPLIST_FILE = AsynScoreViewUITests/Info.plist;
				LD_RUNPATH_SEARCH_PATHS = "$(inherited) @executable_path/Frameworks @loader_path/Frameworks";
				PRODUCT_BUNDLE_IDENTIFIER = com.wangjianshi.github.AsynScoreViewUITests;
				PRODUCT_NAME = "$(TARGET_NAME)";
				TARGETED_DEVICE_FAMILY = "1,2";
				TEST_TARGET_NAME = AsynScoreView;
			};
			name = Debug;
		};
		7F81921A204D82B600FCA686 /* Release */ = {
			isa = XCBuildConfiguration;
			buildSettings = {
				CODE_SIGN_STYLE = Automatic;
				DEVELOPMENT_TEAM = GZXE973JP7;
				INFOPLIST_FILE = AsynScoreViewUITests/Info.plist;
				LD_RUNPATH_SEARCH_PATHS = "$(inherited) @executable_path/Frameworks @loader_path/Frameworks";
				PRODUCT_BUNDLE_IDENTIFIER = com.wangjianshi.github.AsynScoreViewUITests;
				PRODUCT_NAME = "$(TARGET_NAME)";
				TARGETED_DEVICE_FAMILY = "1,2";
				TEST_TARGET_NAME = AsynScoreView;
			};
			name = Release;
		};
/* End XCBuildConfiguration section */

/* Begin XCConfigurationList section */
		7F8191E1204D82B500FCA686 /* Build configuration list for PBXProject "AsynScoreView" */ = {
			isa = XCConfigurationList;
			buildConfigurations = (
				7F819210204D82B600FCA686 /* Debug */,
				7F819211204D82B600FCA686 /* Release */,
			);
			defaultConfigurationIsVisible = 0;
			defaultConfigurationName = Release;
		};
		7F819212204D82B600FCA686 /* Build configuration list for PBXNativeTarget "AsynScoreView" */ = {
			isa = XCConfigurationList;
			buildConfigurations = (
				7F819213204D82B600FCA686 /* Debug */,
				7F819214204D82B600FCA686 /* Release */,
			);
			defaultConfigurationIsVisible = 0;
			defaultConfigurationName = Release;
		};
		7F819215204D82B600FCA686 /* Build configuration list for PBXNativeTarget "AsynScoreViewTests" */ = {
			isa = XCConfigurationList;
			buildConfigurations = (
				7F819216204D82B600FCA686 /* Debug */,
				7F819217204D82B600FCA686 /* Release */,
			);
			defaultConfigurationIsVisible = 0;
			defaultConfigurationName = Release;
		};
		7F819218204D82B600FCA686 /* Build configuration list for PBXNativeTarget "AsynScoreViewUITests" */ = {
			isa = XCConfigurationList;
			buildConfigurations = (
				7F819219204D82B600FCA686 /* Debug */,
				7F81921A204D82B600FCA686 /* Release */,
			);
			defaultConfigurationIsVisible = 0;
			defaultConfigurationName = Release;
		};
/* End XCConfigurationList section */
	};
	rootObject = 7F8191DE204D82B500FCA686 /* Project object */;
}
